
Microsoft Visual Studio Solution File, Format Version 12.00
# Visual Studio Version 17
VisualStudioVersion = 17.14.36414.22 d17.14
MinimumVisualStudioVersion = 10.0.40219.1
Project("{FAE04EC0-301F-11D3-BF4B-00C04F79EFBC}") = "Reolmarked", "Reolmarked.csproj", "{FDE3DBBC-D5F1-487D-BD9D-CD971A6E5096}"
EndProject
Global
	GlobalSection(SolutionConfigurationPlatforms) = preSolution
		Debug|Any CPU = Debug|Any CPU
		Release|Any CPU = Release|Any CPU
	EndGlobalSection
	GlobalSection(ProjectConfigurationPlatforms) = postSolution
		{FDE3DBBC-D5F1-487D-BD9D-CD971A6E5096}.Debug|Any CPU.ActiveCfg = Debug|Any CPU
		{FDE3DBBC-D5F1-487D-BD9D-CD971A6E5096}.Debug|Any CPU.Build.0 = Debug|Any CPU
		{FDE3DBBC-D5F1-487D-BD9D-CD971A6E5096}.Release|Any CPU.ActiveCfg = Release|Any CPU
		{FDE3DBBC-D5F1-487D-BD9D-CD971A6E5096}.Release|Any CPU.Build.0 = Release|Any CPU
	EndGlobalSection
	GlobalSection(SolutionProperties) = preSolution
		HideSolutionNode = FALSE
	EndGlobalSection
	GlobalSection(ExtensibilityGlobals) = postSolution
		SolutionGuid = {FBD39A7F-D629-4C32-9DEA-4714B7B0550F}
	EndGlobalSection
EndGlobal
